{
  "name": "nl.qluster-it.devicecapabilities",
  "version": "1.0.0",
  "lockfileVersion": 1,
  "requires": true,
  "dependencies": {
    "athom-api": {
      "version": "3.8.4",
      "resolved": "https://registry.npmjs.org/athom-api/-/athom-api-3.8.4.tgz",
      "integrity": "sha512-j5w3xWcdJsDmd6uJ2g1CnMu3+0j5y56lTy/iTlR/Hb3uzWBQ8iuepXH+8Yn0gANC9NKqSzYRARG1VhO1A5owvA=="
    },
    "betterlogiclibrary": {
      "version": "0.9.17",
      "resolved": "https://registry.npmjs.org/betterlogiclibrary/-/betterlogiclibrary-0.9.17.tgz",
      "integrity": "sha512-pH/WJybDvQLKx4I/HkUzxy047HRuAl6bWURV0Br8TXc9NZZ6CuihdqzQF4Is/LW8Rq9bkkAUadgQq3S+d6AaRw=="
    },
    "chronograph-npm": {
      "version": "0.1.3",
      "resolved": "https://registry.npmjs.org/chronograph-npm/-/chronograph-npm-0.1.3.tgz",
      "integrity": "sha512-kVVjUMK67zSE4XLv6FvmMT1xupiLccPZvvTGOLgMLzeg9WnjFLyWD0TFXnMpjTmhzHkdNhcYqp08wwRmUe+aKw=="
    },
    "lodash-core": {
      "version": "4.17.19",
      "resolved": "https://registry.npmjs.org/lodash-core/-/lodash-core-4.17.19.tgz",
      "integrity": "sha512-FpSbOooU9HcASpL7oJ/ZQGxR7oGzeqlVe1M/iAhnUMTk7eMJBkszS5tUPZCnRtNGPWe8ChswdByFTzW58iGQEQ=="
    }
  }
}
